
Microsoft Visual Studio Solution File, Format Version 12.00
# Visual Studio Version 17
VisualStudioVersion = 17.4.33205.214
MinimumVisualStudioVersion = 10.0.40219.1
Project("{FAE04EC0-301F-11D3-BF4B-00C04F79EFBC}") = "DotnetMvcDbFirst2", "DotnetMvcDbFirst2\DotnetMvcDbFirst2.csproj", "{92873BB6-7312-4FB3-B979-5E9309CEDD34}"
EndProject
Global
	GlobalSection(SolutionConfigurationPlatforms) = preSolution
		Debug|Any CPU = Debug|Any CPU
		Release|Any CPU = Release|Any CPU
	EndGlobalSection
	GlobalSection(ProjectConfigurationPlatforms) = postSolution
		{92873BB6-7312-4FB3-B979-5E9309CEDD34}.Debug|Any CPU.ActiveCfg = Debug|Any CPU
		{92873BB6-7312-4FB3-B979-5E9309CEDD34}.Debug|Any CPU.Build.0 = Debug|Any CPU
		{92873BB6-7312-4FB3-B979-5E9309CEDD34}.Release|Any CPU.ActiveCfg = Release|Any CPU
		{92873BB6-7312-4FB3-B979-5E9309CEDD34}.Release|Any CPU.Build.0 = Release|Any CPU
	EndGlobalSection
	GlobalSection(SolutionProperties) = preSolution
		HideSolutionNode = FALSE
	EndGlobalSection
	GlobalSection(ExtensibilityGlobals) = postSolution
		SolutionGuid = {DA93BB20-8333-405F-84BA-0F3F00AA37B6}
	EndGlobalSection
EndGlobal
